// !$*UTF8*$!
{
	archiveVersion = 1;
	classes = {
	};
	objectVersion = 48;
	objects = {

/* Begin PBXBuildFile section */
		B9DA6F9B205139970022C91A /* AppDelegate.swift in Sources */ = {isa = PBXBuildFile; fileRef = B9DA6F9A205139970022C91A /* AppDelegate.swift */; };
		B9DA6FA0205139970022C91A /* Main.storyboard in Resources */ = {isa = PBXBuildFile; fileRef = B9DA6F9E205139970022C91A /* Main.storyboard */; };
		B9DA6FA3205139970022C91A /* ClearTableViewCell.xcdatamodeld in Sources */ = {isa = PBXBuildFile; fileRef = B9DA6FA1205139970022C91A /* ClearTableViewCell.xcdatamodeld */; };
		B9DA6FA5205139970022C91A /* Assets.xcassets in Resources */ = {isa = PBXBuildFile; fileRef = B9DA6FA4205139970022C91A /* Assets.xcassets */; };
		B9DA6FA8205139970022C91A /* LaunchScreen.storyboard in Resources */ = {isa = PBXBuildFile; fileRef = B9DA6FA6205139970022C91A /* LaunchScreen.storyboard */; };
		B9DA6FB3205139970022C91A /* ClearTableViewCellTests.swift in Sources */ = {isa = PBXBuildFile; fileRef = B9DA6FB2205139970022C91A /* ClearTableViewCellTests.swift */; };
		B9DA6FBF20513A1A0022C91A /* TableViewController.swift in Sources */ = {isa = PBXBuildFile; fileRef = B9DA6FBE20513A1A0022C91A /* TableViewController.swift */; };
/* End PBXBuildFile section */

/* Begin PBXContainerItemProxy section */
		B9DA6FAF205139970022C91A /* PBXContainerItemProxy */ = {
			isa = PBXContainerItemProxy;
			containerPortal = B9DA6F8F205139970022C91A /* Project object */;
			proxyType = 1;
			remoteGlobalIDString = B9DA6F96205139970022C91A;
			remoteInfo = ClearTableViewCell;
		};
/* End PBXContainerItemProxy section */

/* Begin PBXFileReference section */
		B9DA6F97205139970022C91A /* ClearTableViewCell.app */ = {isa = PBXFileReference; explicitFileType = wrapper.application; includeInIndex = 0; path = ClearTableViewCell.app; sourceTree = BUILT_PRODUCTS_DIR; };
		B9DA6F9A205139970022C91A /* AppDelegate.swift */ = {isa = PBXFileReference; lastKnownFileType = sourcecode.swift; path = AppDelegate.swift; sourceTree = "<group>"; };
		B9DA6F9F205139970022C91A /* Base */ = {isa = PBXFileReference; lastKnownFileType = file.storyboard; name = Base; path = Base.lproj/Main.storyboard; sourceTree = "<group>"; };
		B9DA6FA2205139970022C91A /* ClearTableViewCell.xcdatamodel */ = {isa = PBXFileReference; lastKnownFileType = wrapper.xcdatamodel; path = ClearTableViewCell.xcdatamodel; sourceTree = "<group>"; };
		B9DA6FA4205139970022C91A /* Assets.xcassets */ = {isa = PBXFileReference; lastKnownFileType = folder.assetcatalog; path = Assets.xcassets; sourceTree = "<group>"; };
		B9DA6FA7205139970022C91A /* Base */ = {isa = PBXFileReference; lastKnownFileType = file.storyboard; name = Base; path = Base.lproj/LaunchScreen.storyboard; sourceTree = "<group>"; };
		B9DA6FA9205139970022C91A /* Info.plist */ = {isa = PBXFileReference; lastKnownFileType = text.plist.xml; path = Info.plist; sourceTree = "<group>"; };
		B9DA6FAE205139970022C91A /* ClearTableViewCellTests.xctest */ = {isa = PBXFileReference; explicitFileType = wrapper.cfbundle; includeInIndex = 0; path = ClearTableViewCellTests.xctest; sourceTree = BUILT_PRODUCTS_DIR; };
		B9DA6FB2205139970022C91A /* ClearTableViewCellTests.swift */ = {isa = PBXFileReference; lastKnownFileType = sourcecode.swift; path = ClearTableViewCellTests.swift; sourceTree = "<group>"; };
		B9DA6FB4205139970022C91A /* Info.plist */ = {isa = PBXFileReference; lastKnownFileType = text.plist.xml; path = Info.plist; sourceTree = "<group>"; };
		B9DA6FBE20513A1A0022C91A /* TableViewController.swift */ = {isa = PBXFileReference; lastKnownFileType = sourcecode.swift; path = TableViewController.swift; sourceTree = "<group>"; };
/* End PBXFileReference section */

/* Begin PBXFrameworksBuildPhase section */
		B9DA6F94205139970022C91A /* Frameworks */ = {
			isa = PBXFrameworksBuildPhase;
			buildActionMask = 2147483647;
			files = (
			);
			runOnlyForDeploymentPostprocessing = 0;
		};
		B9DA6FAB205139970022C91A /* Frameworks */ = {
			isa = PBXFrameworksBuildPhase;
			buildActionMask = 2147483647;
			files = (
			);
			runOnlyForDeploymentPostprocessing = 0;
		};
/* End PBXFrameworksBuildPhase section */

/* Begin PBXGroup section */
		B9DA6F8E205139970022C91A = {
			isa = PBXGroup;
			children = (
				B9DA6F99205139970022C91A /* ClearTableViewCell */,
				B9DA6FB1205139970022C91A /* ClearTableViewCellTests */,
				B9DA6F98205139970022C91A /* Products */,
			);
			sourceTree = "<group>";
		};
		B9DA6F98205139970022C91A /* Products */ = {
			isa = PBXGroup;
			children = (
				B9DA6F97205139970022C91A /* ClearTableViewCell.app */,
				B9DA6FAE205139970022C91A /* ClearTableViewCellTests.xctest */,
			);
			name = Products;
			sourceTree = "<group>";
		};
		B9DA6F99205139970022C91A /* ClearTableViewCell */ = {
			isa = PBXGroup;
			children = (
				B9DA6FBE20513A1A0022C91A /* TableViewController.swift */,
				B9DA6FBD2051399E0022C91A /* SupportingFiles */,
				B9DA6F9E205139970022C91A /* Main.storyboard */,
				B9DA6FA9205139970022C91A /* Info.plist */,
			);
			path = ClearTableViewCell;
			sourceTree = "<group>";
		};
		B9DA6FB1205139970022C91A /* ClearTableViewCellTests */ = {
			isa = PBXGroup;
			children = (
				B9DA6FB2205139970022C91A /* ClearTableViewCellTests.swift */,
				B9DA6FB4205139970022C91A /* Info.plist */,
			);
			path = ClearTableViewCellTests;
			sourceTree = "<group>";
		};
		B9DA6FBD2051399E0022C91A /* SupportingFiles */ = {
			isa = PBXGroup;
			children = (
				B9DA6FA1205139970022C91A /* ClearTableViewCell.xcdatamodeld */,
				B9DA6FA6205139970022C91A /* LaunchScreen.storyboard */,
				B9DA6FA4205139970022C91A /* Assets.xcassets */,
				B9DA6F9A205139970022C91A /* AppDelegate.swift */,
			);
			path = SupportingFiles;
			sourceTree = "<group>";
		};
/* End PBXGroup section */

/* Begin PBXNativeTarget section */
		B9DA6F96205139970022C91A /* ClearTableViewCell */ = {
			isa = PBXNativeTarget;
			buildConfigurationList = B9DA6FB7205139970022C91A /* Build configuration list for PBXNativeTarget "ClearTableViewCell" */;
			buildPhases = (
				B9DA6F93205139970022C91A /* Sources */,
				B9DA6F94205139970022C91A /* Frameworks */,
				B9DA6F95205139970022C91A /* Resources */,
			);
			buildRules = (
			);
			dependencies = (
			);
			name = ClearTableViewCell;
			productName = ClearTableViewCell;
			productReference = B9DA6F97205139970022C91A /* ClearTableViewCell.app */;
			productType = "com.apple.product-type.application";
		};
		B9DA6FAD205139970022C91A /* ClearTableViewCellTests */ = {
			isa = PBXNativeTarget;
			buildConfigurationList = B9DA6FBA205139970022C91A /* Build configuration list for PBXNativeTarget "ClearTableViewCellTests" */;
			buildPhases = (
				B9DA6FAA205139970022C91A /* Sources */,
				B9DA6FAB205139970022C91A /* Frameworks */,
				B9DA6FAC205139970022C91A /* Resources */,
			);
			buildRules = (
			);
			dependencies = (
				B9DA6FB0205139970022C91A /* PBXTargetDependency */,
			);
			name = ClearTableViewCellTests;
			productName = ClearTableViewCellTests;
			productReference = B9DA6FAE205139970022C91A /* ClearTableViewCellTests.xctest */;
			productType = "com.apple.product-type.bundle.unit-test";
		};
/* End PBXNativeTarget section */

/* Begin PBXProject section */
		B9DA6F8F205139970022C91A /* Project object */ = {
			isa = PBXProject;
			attributes = {
				LastSwiftUpdateCheck = 0920;
				LastUpgradeCheck = 0920;
				ORGANIZATIONNAME = "Mathieu Janneau";
				TargetAttributes = {
					B9DA6F96205139970022C91A = {
						CreatedOnToolsVersion = 9.2;
						ProvisioningStyle = Automatic;
					};
					B9DA6FAD205139970022C91A = {
						CreatedOnToolsVersion = 9.2;
						ProvisioningStyle = Automatic;
						TestTargetID = B9DA6F96205139970022C91A;
					};
				};
			};
			buildConfigurationList = B9DA6F92205139970022C91A /* Build configuration list for PBXProject "ClearTableViewCell" */;
			compatibilityVersion = "Xcode 8.0";
			developmentRegion = en;
			hasScannedForEncodings = 0;
			knownRegions = (
				en,
				Base,
			);
			mainGroup = B9DA6F8E205139970022C91A;
			productRefGroup = B9DA6F98205139970022C91A /* Products */;
			projectDirPath = "";
			projectRoot = "";
			targets = (
				B9DA6F96205139970022C91A /* ClearTableViewCell */,
				B9DA6FAD205139970022C91A /* ClearTableViewCellTests */,
			);
		};
/* End PBXProject section */

/* Begin PBXResourcesBuildPhase section */
		B9DA6F95205139970022C91A /* Resources */ = {
			isa = PBXResourcesBuildPhase;
			buildActionMask = 2147483647;
			files = (
				B9DA6FA8205139970022C91A /* LaunchScreen.storyboard in Resources */,
				B9DA6FA5205139970022C91A /* Assets.xcassets in Resources */,
				B9DA6FA0205139970022C91A /* Main.storyboard in Resources */,
			);
			runOnlyForDeploymentPostprocessing = 0;
		};
		B9DA6FAC205139970022C91A /* Resources */ = {
			isa = PBXResourcesBuildPhase;
			buildActionMask = 2147483647;
			files = (
			);
			runOnlyForDeploymentPostprocessing = 0;
		};
/* End PBXResourcesBuildPhase section */

/* Begin PBXSourcesBuildPhase section */
		B9DA6F93205139970022C91A /* Sources */ = {
			isa = PBXSourcesBuildPhase;
			buildActionMask = 2147483647;
			files = (
				B9DA6FA3205139970022C91A /* ClearTableViewCell.xcdatamodeld in Sources */,
				B9DA6FBF20513A1A0022C91A /* TableViewController.swift in Sources */,
				B9DA6F9B205139970022C91A /* AppDelegate.swift in Sources */,
			);
			runOnlyForDeploymentPostprocessing = 0;
		};
		B9DA6FAA205139970022C91A /* Sources */ = {
			isa = PBXSourcesBuildPhase;
			buildActionMask = 2147483647;
			files = (
				B9DA6FB3205139970022C91A /* ClearTableViewCellTests.swift in Sources */,
			);
			runOnlyForDeploymentPostprocessing = 0;
		};
/* End PBXSourcesBuildPhase section */

/* Begin PBXTargetDependency section */
		B9DA6FB0205139970022C91A /* PBXTargetDependency */ = {
			isa = PBXTargetDependency;
			target = B9DA6F96205139970022C91A /* ClearTableViewCell */;
			targetProxy = B9DA6FAF205139970022C91A /* PBXContainerItemProxy */;
		};
/* End PBXTargetDependency section */

/* Begin PBXVariantGroup section */
		B9DA6F9E205139970022C91A /* Main.storyboard */ = {
			isa = PBXVariantGroup;
			children = (
				B9DA6F9F205139970022C91A /* Base */,
			);
			name = Main.storyboard;
			sourceTree = "<group>";
		};
		B9DA6FA6205139970022C91A /* LaunchScreen.storyboard */ = {
			isa = PBXVariantGroup;
			children = (
				B9DA6FA7205139970022C91A /* Base */,
			);
			name = LaunchScreen.storyboard;
			sourceTree = "<group>";
		};
/* End PBXVariantGroup section */

/* Begin XCBuildConfiguration section */
		B9DA6FB5205139970022C91A /* Debug */ = {
			isa = XCBuildConfiguration;
			buildSettings = {
				ALWAYS_SEARCH_USER_PATHS = NO;
				CLANG_ANALYZER_NONNULL = YES;
				CLANG_ANALYZER_NUMBER_OBJECT_CONVERSION = YES_AGGRESSIVE;
				CLANG_CXX_LANGUAGE_STANDARD = "gnu++14";
				CLANG_CXX_LIBRARY = "libc++";
				CLANG_ENABLE_MODULES = YES;
				CLANG_ENABLE_OBJC_ARC = YES;
				CLANG_WARN_BLOCK_CAPTURE_AUTORELEASING = YES;
				CLANG_WARN_BOOL_CONVERSION = YES;
				CLANG_WARN_COMMA = YES;
				CLANG_WARN_CONSTANT_CONVERSION = YES;
				CLANG_WARN_DIRECT_OBJC_ISA_USAGE = YES_ERROR;
				CLANG_WARN_DOCUMENTATION_COMMENTS = YES;
				CLANG_WARN_EMPTY_BODY = YES;
				CLANG_WARN_ENUM_CONVERSION = YES;
				CLANG_WARN_INFINITE_RECURSION = YES;
				CLANG_WARN_INT_CONVERSION = YES;
				CLANG_WARN_NON_LITERAL_NULL_CONVERSION = YES;
				CLANG_WARN_OBJC_LITERAL_CONVERSION = YES;
				CLANG_WARN_OBJC_ROOT_CLASS = YES_ERROR;
				CLANG_WARN_RANGE_LOOP_ANALYSIS = YES;
				CLANG_WARN_STRICT_PROTOTYPES = YES;
				CLANG_WARN_SUSPICIOUS_MOVE = YES;
				CLANG_WARN_UNGUARDED_AVAILABILITY = YES_AGGRESSIVE;
				CLANG_WARN_UNREACHABLE_CODE = YES;
				CLANG_WARN__DUPLICATE_METHOD_MATCH = YES;
				CODE_SIGN_IDENTITY = "iPhone Developer";
				COPY_PHASE_STRIP = NO;
				DEBUG_INFORMATION_FORMAT = dwarf;
				ENABLE_STRICT_OBJC_MSGSEND = YES;
				ENABLE_TESTABILITY = YES;
				GCC_C_LANGUAGE_STANDARD = gnu11;
				GCC_DYNAMIC_NO_PIC = NO;
				GCC_NO_COMMON_BLOCKS = YES;
				GCC_OPTIMIZATION_LEVEL = 0;
				GCC_PREPROCESSOR_DEFINITIONS = (
					"DEBUG=1",
					"$(inherited)",
				);
				GCC_WARN_64_TO_32_BIT_CONVERSION = YES;
				GCC_WARN_ABOUT_RETURN_TYPE = YES_ERROR;
				GCC_WARN_UNDECLARED_SELECTOR = YES;
				GCC_WARN_UNINITIALIZED_AUTOS = YES_AGGRESSIVE;
				GCC_WARN_UNUSED_FUNCTION = YES;
				GCC_WARN_UNUSED_VARIABLE = YES;
				IPHONEOS_DEPLOYMENT_TARGET = 11.2;
				MTL_ENABLE_DEBUG_INFO = YES;
				ONLY_ACTIVE_ARCH = YES;
				SDKROOT = iphoneos;
				SWIFT_ACTIVE_COMPILATION_CONDITIONS = DEBUG;
				SWIFT_OPTIMIZATION_LEVEL = "-Onone";
			};
			name = Debug;
		};
		B9DA6FB6205139970022C91A /* Release */ = {
			isa = XCBuildConfiguration;
			buildSettings = {
				ALWAYS_SEARCH_USER_PATHS = NO;
				CLANG_ANALYZER_NONNULL = YES;
				CLANG_ANALYZER_NUMBER_OBJECT_CONVERSION = YES_AGGRESSIVE;
				CLANG_CXX_LANGUAGE_STANDARD = "gnu++14";
				CLANG_CXX_LIBRARY = "libc++";
				CLANG_ENABLE_MODULES = YES;
				CLANG_ENABLE_OBJC_ARC = YES;
				CLANG_WARN_BLOCK_CAPTURE_AUTORELEASING = YES;
				CLANG_WARN_BOOL_CONVERSION = YES;
				CLANG_WARN_COMMA = YES;
				CLANG_WARN_CONSTANT_CONVERSION = YES;
				CLANG_WARN_DIRECT_OBJC_ISA_USAGE = YES_ERROR;
				CLANG_WARN_DOCUMENTATION_COMMENTS = YES;
				CLANG_WARN_EMPTY_BODY = YES;
				CLANG_WARN_ENUM_CONVERSION = YES;
				CLANG_WARN_INFINITE_RECURSION = YES;
				CLANG_WARN_INT_CONVERSION = YES;
				CLANG_WARN_NON_LITERAL_NULL_CONVERSION = YES;
				CLANG_WARN_OBJC_LITERAL_CONVERSION = YES;
				CLANG_WARN_OBJC_ROOT_CLASS = YES_ERROR;
				CLANG_WARN_RANGE_LOOP_ANALYSIS = YES;
				CLANG_WARN_STRICT_PROTOTYPES = YES;
				CLANG_WARN_SUSPICIOUS_MOVE = YES;
				CLANG_WARN_UNGUARDED_AVAILABILITY = YES_AGGRESSIVE;
				CLANG_WARN_UNREACHABLE_CODE = YES;
				CLANG_WARN__DUPLICATE_METHOD_MATCH = YES;
				CODE_SIGN_IDENTITY = "iPhone Developer";
				COPY_PHASE_STRIP = NO;
				DEBUG_INFORMATION_FORMAT = "dwarf-with-dsym";
				ENABLE_NS_ASSERTIONS = NO;
				ENABLE_STRICT_OBJC_MSGSEND = YES;
				GCC_C_LANGUAGE_STANDARD = gnu11;
				GCC_NO_COMMON_BLOCKS = YES;
				GCC_WARN_64_TO_32_BIT_CONVERSION = YES;
				GCC_WARN_ABOUT_RETURN_TYPE = YES_ERROR;
				GCC_WARN_UNDECLARED_SELECTOR = YES;
				GCC_WARN_UNINITIALIZED_AUTOS = YES_AGGRESSIVE;
				GCC_WARN_UNUSED_FUNCTION = YES;
				GCC_WARN_UNUSED_VARIABLE = YES;
				IPHONEOS_DEPLOYMENT_TARGET = 11.2;
				MTL_ENABLE_DEBUG_INFO = NO;
				SDKROOT = iphoneos;
				SWIFT_OPTIMIZATION_LEVEL = "-Owholemodule";
				VALIDATE_PRODUCT = YES;
			};
			name = Release;
		};
		B9DA6FB8205139970022C91A /* Debug */ = {
			isa = XCBuildConfiguration;
			buildSettings = {
				ASSETCATALOG_COMPILER_APPICON_NAME = AppIcon;
				CODE_SIGN_STYLE = Automatic;
				DEVELOPMENT_TEAM = V8A9QAD896;
				INFOPLIST_FILE = ClearTableViewCell/Info.plist;
				LD_RUNPATH_SEARCH_PATHS = "$(inherited) @executable_path/Frameworks";
				PRODUCT_BUNDLE_IDENTIFIER = com.mathieujanneau.ClearTableViewCell;
				PRODUCT_NAME = "$(TARGET_NAME)";
				SWIFT_VERSION = 4.0;
				TARGETED_DEVICE_FAMILY = "1,2";
			};
			name = Debug;
		};
		B9DA6FB9205139970022C91A /* Release */ = {
			isa = XCBuildConfiguration;
			buildSettings = {
				ASSETCATALOG_COMPILER_APPICON_NAME = AppIcon;
				CODE_SIGN_STYLE = Automatic;
				DEVELOPMENT_TEAM = V8A9QAD896;
				INFOPLIST_FILE = ClearTableViewCell/Info.plist;
				LD_RUNPATH_SEARCH_PATHS = "$(inherited) @executable_path/Frameworks";
				PRODUCT_BUNDLE_IDENTIFIER = com.mathieujanneau.ClearTableViewCell;
				PRODUCT_NAME = "$(TARGET_NAME)";
				SWIFT_VERSION = 4.0;
				TARGETED_DEVICE_FAMILY = "1,2";
			};
			name = Release;
		};
		B9DA6FBB205139970022C91A /* Debug */ = {
			isa = XCBuildConfiguration;
			buildSettings = {
				ALWAYS_EMBED_SWIFT_STANDARD_LIBRARIES = YES;
				BUNDLE_LOADER = "$(TEST_HOST)";
				CODE_SIGN_STYLE = Automatic;
				DEVELOPMENT_TEAM = V8A9QAD896;
				INFOPLIST_FILE = ClearTableViewCellTests/Info.plist;
				LD_RUNPATH_SEARCH_PATHS = "$(inherited) @executable_path/Frameworks @loader_path/Frameworks";
				PRODUCT_BUNDLE_IDENTIFIER = com.mathieujanneau.ClearTableViewCellTests;
				PRODUCT_NAME = "$(TARGET_NAME)";
				SWIFT_VERSION = 4.0;
				TARGETED_DEVICE_FAMILY = "1,2";
				TEST_HOST = "$(BUILT_PRODUCTS_DIR)/ClearTableViewCell.app/ClearTableViewCell";
			};
			name = Debug;
		};
		B9DA6FBC205139970022C91A /* Release */ = {
			isa = XCBuildConfiguration;
			buildSettings = {
				ALWAYS_EMBED_SWIFT_STANDARD_LIBRARIES = YES;
				BUNDLE_LOADER = "$(TEST_HOST)";
				CODE_SIGN_STYLE = Automatic;
				DEVELOPMENT_TEAM = V8A9QAD896;
				INFOPLIST_FILE = ClearTableViewCellTests/Info.plist;
				LD_RUNPATH_SEARCH_PATHS = "$(inherited) @executable_path/Frameworks @loader_path/Frameworks";
				PRODUCT_BUNDLE_IDENTIFIER = com.mathieujanneau.ClearTableViewCellTests;
				PRODUCT_NAME = "$(TARGET_NAME)";
				SWIFT_VERSION = 4.0;
				TARGETED_DEVICE_FAMILY = "1,2";
				TEST_HOST = "$(BUILT_PRODUCTS_DIR)/ClearTableViewCell.app/ClearTableViewCell";
			};
			name = Release;
		};
/* End XCBuildConfiguration section */

/* Begin XCConfigurationList section */
		B9DA6F92205139970022C91A /* Build configuration list for PBXProject "ClearTableViewCell" */ = {
			isa = XCConfigurationList;
			buildConfigurations = (
				B9DA6FB5205139970022C91A /* Debug */,
				B9DA6FB6205139970022C91A /* Release */,
			);
			defaultConfigurationIsVisible = 0;
			defaultConfigurationName = Release;
		};
		B9DA6FB7205139970022C91A /* Build configuration list for PBXNativeTarget "ClearTableViewCell" */ = {
			isa = XCConfigurationList;
			buildConfigurations = (
				B9DA6FB8205139970022C91A /* Debug */,
				B9DA6FB9205139970022C91A /* Release */,
			);
			defaultConfigurationIsVisible = 0;
			defaultConfigurationName = Release;
		};
		B9DA6FBA205139970022C91A /* Build configuration list for PBXNativeTarget "ClearTableViewCellTests" */ = {
			isa = XCConfigurationList;
			buildConfigurations = (
				B9DA6FBB205139970022C91A /* Debug */,
				B9DA6FBC205139970022C91A /* Release */,
			);
			defaultConfigurationIsVisible = 0;
			defaultConfigurationName = Release;
		};
/* End XCConfigurationList section */

/* Begin XCVersionGroup section */
		B9DA6FA1205139970022C91A /* ClearTableViewCell.xcdatamodeld */ = {
			isa = XCVersionGroup;
			children = (
				B9DA6FA2205139970022C91A /* ClearTableViewCell.xcdatamodel */,
			);
			currentVersion = B9DA6FA2205139970022C91A /* ClearTableViewCell.xcdatamodel */;
			path = ClearTableViewCell.xcdatamodeld;
			sourceTree = "<group>";
			versionGroupType = wrapper.xcdatamodel;
		};
/* End XCVersionGroup section */
	};
	rootObject = B9DA6F8F205139970022C91A /* Project object */;
}
