// !$*UTF8*$!
{
	archiveVersion = 1;
	classes = {
	};
	objectVersion = 48;
	objects = {

/* Begin PBXBuildFile section */
		B921474F204ABD2B0004C9F9 /* AppDelegate.swift in Sources */ = {isa = PBXBuildFile; fileRef = B921474E204ABD2B0004C9F9 /* AppDelegate.swift */; };
		B9214751204ABD2B0004C9F9 /* ViewController.swift in Sources */ = {isa = PBXBuildFile; fileRef = B9214750204ABD2B0004C9F9 /* ViewController.swift */; };
		B9214754204ABD2B0004C9F9 /* Main.storyboard in Resources */ = {isa = PBXBuildFile; fileRef = B9214752204ABD2B0004C9F9 /* Main.storyboard */; };
		B9214757204ABD2B0004C9F9 /* GetLocation.xcdatamodeld in Sources */ = {isa = PBXBuildFile; fileRef = B9214755204ABD2B0004C9F9 /* GetLocation.xcdatamodeld */; };
		B9214759204ABD2B0004C9F9 /* Assets.xcassets in Resources */ = {isa = PBXBuildFile; fileRef = B9214758204ABD2B0004C9F9 /* Assets.xcassets */; };
		B921475C204ABD2B0004C9F9 /* LaunchScreen.storyboard in Resources */ = {isa = PBXBuildFile; fileRef = B921475A204ABD2B0004C9F9 /* LaunchScreen.storyboard */; };
		B9214767204ABD2B0004C9F9 /* GetLocationTests.swift in Sources */ = {isa = PBXBuildFile; fileRef = B9214766204ABD2B0004C9F9 /* GetLocationTests.swift */; };
		B9214774204ABD790004C9F9 /* CoreLocation.framework in Frameworks */ = {isa = PBXBuildFile; fileRef = B9214773204ABD790004C9F9 /* CoreLocation.framework */; };
/* End PBXBuildFile section */

/* Begin PBXContainerItemProxy section */
		B9214763204ABD2B0004C9F9 /* PBXContainerItemProxy */ = {
			isa = PBXContainerItemProxy;
			containerPortal = B9214743204ABD2B0004C9F9 /* Project object */;
			proxyType = 1;
			remoteGlobalIDString = B921474A204ABD2B0004C9F9;
			remoteInfo = GetLocation;
		};
/* End PBXContainerItemProxy section */

/* Begin PBXFileReference section */
		B921474B204ABD2B0004C9F9 /* GetLocation.app */ = {isa = PBXFileReference; explicitFileType = wrapper.application; includeInIndex = 0; path = GetLocation.app; sourceTree = BUILT_PRODUCTS_DIR; };
		B921474E204ABD2B0004C9F9 /* AppDelegate.swift */ = {isa = PBXFileReference; lastKnownFileType = sourcecode.swift; path = AppDelegate.swift; sourceTree = "<group>"; };
		B9214750204ABD2B0004C9F9 /* ViewController.swift */ = {isa = PBXFileReference; lastKnownFileType = sourcecode.swift; path = ViewController.swift; sourceTree = "<group>"; };
		B9214753204ABD2B0004C9F9 /* Base */ = {isa = PBXFileReference; lastKnownFileType = file.storyboard; name = Base; path = Base.lproj/Main.storyboard; sourceTree = "<group>"; };
		B9214756204ABD2B0004C9F9 /* GetLocation.xcdatamodel */ = {isa = PBXFileReference; lastKnownFileType = wrapper.xcdatamodel; path = GetLocation.xcdatamodel; sourceTree = "<group>"; };
		B9214758204ABD2B0004C9F9 /* Assets.xcassets */ = {isa = PBXFileReference; lastKnownFileType = folder.assetcatalog; path = Assets.xcassets; sourceTree = "<group>"; };
		B921475B204ABD2B0004C9F9 /* Base */ = {isa = PBXFileReference; lastKnownFileType = file.storyboard; name = Base; path = Base.lproj/LaunchScreen.storyboard; sourceTree = "<group>"; };
		B921475D204ABD2B0004C9F9 /* Info.plist */ = {isa = PBXFileReference; lastKnownFileType = text.plist.xml; path = Info.plist; sourceTree = "<group>"; };
		B9214762204ABD2B0004C9F9 /* GetLocationTests.xctest */ = {isa = PBXFileReference; explicitFileType = wrapper.cfbundle; includeInIndex = 0; path = GetLocationTests.xctest; sourceTree = BUILT_PRODUCTS_DIR; };
		B9214766204ABD2B0004C9F9 /* GetLocationTests.swift */ = {isa = PBXFileReference; lastKnownFileType = sourcecode.swift; path = GetLocationTests.swift; sourceTree = "<group>"; };
		B9214768204ABD2B0004C9F9 /* Info.plist */ = {isa = PBXFileReference; lastKnownFileType = text.plist.xml; path = Info.plist; sourceTree = "<group>"; };
		B9214773204ABD790004C9F9 /* CoreLocation.framework */ = {isa = PBXFileReference; lastKnownFileType = wrapper.framework; name = CoreLocation.framework; path = System/Library/Frameworks/CoreLocation.framework; sourceTree = SDKROOT; };
/* End PBXFileReference section */

/* Begin PBXFrameworksBuildPhase section */
		B9214748204ABD2B0004C9F9 /* Frameworks */ = {
			isa = PBXFrameworksBuildPhase;
			buildActionMask = 2147483647;
			files = (
				B9214774204ABD790004C9F9 /* CoreLocation.framework in Frameworks */,
			);
			runOnlyForDeploymentPostprocessing = 0;
		};
		B921475F204ABD2B0004C9F9 /* Frameworks */ = {
			isa = PBXFrameworksBuildPhase;
			buildActionMask = 2147483647;
			files = (
			);
			runOnlyForDeploymentPostprocessing = 0;
		};
/* End PBXFrameworksBuildPhase section */

/* Begin PBXGroup section */
		B9214742204ABD2B0004C9F9 = {
			isa = PBXGroup;
			children = (
				B921474D204ABD2B0004C9F9 /* GetLocation */,
				B9214765204ABD2B0004C9F9 /* GetLocationTests */,
				B921474C204ABD2B0004C9F9 /* Products */,
				B9214772204ABD790004C9F9 /* Frameworks */,
			);
			sourceTree = "<group>";
		};
		B921474C204ABD2B0004C9F9 /* Products */ = {
			isa = PBXGroup;
			children = (
				B921474B204ABD2B0004C9F9 /* GetLocation.app */,
				B9214762204ABD2B0004C9F9 /* GetLocationTests.xctest */,
			);
			name = Products;
			sourceTree = "<group>";
		};
		B921474D204ABD2B0004C9F9 /* GetLocation */ = {
			isa = PBXGroup;
			children = (
				B9214771204ABD570004C9F9 /* SupportingFiles */,
				B9214750204ABD2B0004C9F9 /* ViewController.swift */,
				B9214752204ABD2B0004C9F9 /* Main.storyboard */,
				B921475D204ABD2B0004C9F9 /* Info.plist */,
			);
			path = GetLocation;
			sourceTree = "<group>";
		};
		B9214765204ABD2B0004C9F9 /* GetLocationTests */ = {
			isa = PBXGroup;
			children = (
				B9214766204ABD2B0004C9F9 /* GetLocationTests.swift */,
				B9214768204ABD2B0004C9F9 /* Info.plist */,
			);
			path = GetLocationTests;
			sourceTree = "<group>";
		};
		B9214771204ABD570004C9F9 /* SupportingFiles */ = {
			isa = PBXGroup;
			children = (
				B9214755204ABD2B0004C9F9 /* GetLocation.xcdatamodeld */,
				B921475A204ABD2B0004C9F9 /* LaunchScreen.storyboard */,
				B9214758204ABD2B0004C9F9 /* Assets.xcassets */,
				B921474E204ABD2B0004C9F9 /* AppDelegate.swift */,
			);
			path = SupportingFiles;
			sourceTree = "<group>";
		};
		B9214772204ABD790004C9F9 /* Frameworks */ = {
			isa = PBXGroup;
			children = (
				B9214773204ABD790004C9F9 /* CoreLocation.framework */,
			);
			name = Frameworks;
			sourceTree = "<group>";
		};
/* End PBXGroup section */

/* Begin PBXNativeTarget section */
		B921474A204ABD2B0004C9F9 /* GetLocation */ = {
			isa = PBXNativeTarget;
			buildConfigurationList = B921476B204ABD2B0004C9F9 /* Build configuration list for PBXNativeTarget "GetLocation" */;
			buildPhases = (
				B9214747204ABD2B0004C9F9 /* Sources */,
				B9214748204ABD2B0004C9F9 /* Frameworks */,
				B9214749204ABD2B0004C9F9 /* Resources */,
			);
			buildRules = (
			);
			dependencies = (
			);
			name = GetLocation;
			productName = GetLocation;
			productReference = B921474B204ABD2B0004C9F9 /* GetLocation.app */;
			productType = "com.apple.product-type.application";
		};
		B9214761204ABD2B0004C9F9 /* GetLocationTests */ = {
			isa = PBXNativeTarget;
			buildConfigurationList = B921476E204ABD2B0004C9F9 /* Build configuration list for PBXNativeTarget "GetLocationTests" */;
			buildPhases = (
				B921475E204ABD2B0004C9F9 /* Sources */,
				B921475F204ABD2B0004C9F9 /* Frameworks */,
				B9214760204ABD2B0004C9F9 /* Resources */,
			);
			buildRules = (
			);
			dependencies = (
				B9214764204ABD2B0004C9F9 /* PBXTargetDependency */,
			);
			name = GetLocationTests;
			productName = GetLocationTests;
			productReference = B9214762204ABD2B0004C9F9 /* GetLocationTests.xctest */;
			productType = "com.apple.product-type.bundle.unit-test";
		};
/* End PBXNativeTarget section */

/* Begin PBXProject section */
		B9214743204ABD2B0004C9F9 /* Project object */ = {
			isa = PBXProject;
			attributes = {
				LastSwiftUpdateCheck = 0920;
				LastUpgradeCheck = 0920;
				ORGANIZATIONNAME = "Mathieu Janneau";
				TargetAttributes = {
					B921474A204ABD2B0004C9F9 = {
						CreatedOnToolsVersion = 9.2;
						ProvisioningStyle = Automatic;
					};
					B9214761204ABD2B0004C9F9 = {
						CreatedOnToolsVersion = 9.2;
						ProvisioningStyle = Automatic;
						TestTargetID = B921474A204ABD2B0004C9F9;
					};
				};
			};
			buildConfigurationList = B9214746204ABD2B0004C9F9 /* Build configuration list for PBXProject "GetLocation" */;
			compatibilityVersion = "Xcode 8.0";
			developmentRegion = en;
			hasScannedForEncodings = 0;
			knownRegions = (
				en,
				Base,
			);
			mainGroup = B9214742204ABD2B0004C9F9;
			productRefGroup = B921474C204ABD2B0004C9F9 /* Products */;
			projectDirPath = "";
			projectRoot = "";
			targets = (
				B921474A204ABD2B0004C9F9 /* GetLocation */,
				B9214761204ABD2B0004C9F9 /* GetLocationTests */,
			);
		};
/* End PBXProject section */

/* Begin PBXResourcesBuildPhase section */
		B9214749204ABD2B0004C9F9 /* Resources */ = {
			isa = PBXResourcesBuildPhase;
			buildActionMask = 2147483647;
			files = (
				B921475C204ABD2B0004C9F9 /* LaunchScreen.storyboard in Resources */,
				B9214759204ABD2B0004C9F9 /* Assets.xcassets in Resources */,
				B9214754204ABD2B0004C9F9 /* Main.storyboard in Resources */,
			);
			runOnlyForDeploymentPostprocessing = 0;
		};
		B9214760204ABD2B0004C9F9 /* Resources */ = {
			isa = PBXResourcesBuildPhase;
			buildActionMask = 2147483647;
			files = (
			);
			runOnlyForDeploymentPostprocessing = 0;
		};
/* End PBXResourcesBuildPhase section */

/* Begin PBXSourcesBuildPhase section */
		B9214747204ABD2B0004C9F9 /* Sources */ = {
			isa = PBXSourcesBuildPhase;
			buildActionMask = 2147483647;
			files = (
				B9214751204ABD2B0004C9F9 /* ViewController.swift in Sources */,
				B9214757204ABD2B0004C9F9 /* GetLocation.xcdatamodeld in Sources */,
				B921474F204ABD2B0004C9F9 /* AppDelegate.swift in Sources */,
			);
			runOnlyForDeploymentPostprocessing = 0;
		};
		B921475E204ABD2B0004C9F9 /* Sources */ = {
			isa = PBXSourcesBuildPhase;
			buildActionMask = 2147483647;
			files = (
				B9214767204ABD2B0004C9F9 /* GetLocationTests.swift in Sources */,
			);
			runOnlyForDeploymentPostprocessing = 0;
		};
/* End PBXSourcesBuildPhase section */

/* Begin PBXTargetDependency section */
		B9214764204ABD2B0004C9F9 /* PBXTargetDependency */ = {
			isa = PBXTargetDependency;
			target = B921474A204ABD2B0004C9F9 /* GetLocation */;
			targetProxy = B9214763204ABD2B0004C9F9 /* PBXContainerItemProxy */;
		};
/* End PBXTargetDependency section */

/* Begin PBXVariantGroup section */
		B9214752204ABD2B0004C9F9 /* Main.storyboard */ = {
			isa = PBXVariantGroup;
			children = (
				B9214753204ABD2B0004C9F9 /* Base */,
			);
			name = Main.storyboard;
			sourceTree = "<group>";
		};
		B921475A204ABD2B0004C9F9 /* LaunchScreen.storyboard */ = {
			isa = PBXVariantGroup;
			children = (
				B921475B204ABD2B0004C9F9 /* Base */,
			);
			name = LaunchScreen.storyboard;
			sourceTree = "<group>";
		};
/* End PBXVariantGroup section */

/* Begin XCBuildConfiguration section */
		B9214769204ABD2B0004C9F9 /* Debug */ = {
			isa = XCBuildConfiguration;
			buildSettings = {
				ALWAYS_SEARCH_USER_PATHS = NO;
				CLANG_ANALYZER_NONNULL = YES;
				CLANG_ANALYZER_NUMBER_OBJECT_CONVERSION = YES_AGGRESSIVE;
				CLANG_CXX_LANGUAGE_STANDARD = "gnu++14";
				CLANG_CXX_LIBRARY = "libc++";
				CLANG_ENABLE_MODULES = YES;
				CLANG_ENABLE_OBJC_ARC = YES;
				CLANG_WARN_BLOCK_CAPTURE_AUTORELEASING = YES;
				CLANG_WARN_BOOL_CONVERSION = YES;
				CLANG_WARN_COMMA = YES;
				CLANG_WARN_CONSTANT_CONVERSION = YES;
				CLANG_WARN_DIRECT_OBJC_ISA_USAGE = YES_ERROR;
				CLANG_WARN_DOCUMENTATION_COMMENTS = YES;
				CLANG_WARN_EMPTY_BODY = YES;
				CLANG_WARN_ENUM_CONVERSION = YES;
				CLANG_WARN_INFINITE_RECURSION = YES;
				CLANG_WARN_INT_CONVERSION = YES;
				CLANG_WARN_NON_LITERAL_NULL_CONVERSION = YES;
				CLANG_WARN_OBJC_LITERAL_CONVERSION = YES;
				CLANG_WARN_OBJC_ROOT_CLASS = YES_ERROR;
				CLANG_WARN_RANGE_LOOP_ANALYSIS = YES;
				CLANG_WARN_STRICT_PROTOTYPES = YES;
				CLANG_WARN_SUSPICIOUS_MOVE = YES;
				CLANG_WARN_UNGUARDED_AVAILABILITY = YES_AGGRESSIVE;
				CLANG_WARN_UNREACHABLE_CODE = YES;
				CLANG_WARN__DUPLICATE_METHOD_MATCH = YES;
				CODE_SIGN_IDENTITY = "iPhone Developer";
				COPY_PHASE_STRIP = NO;
				DEBUG_INFORMATION_FORMAT = dwarf;
				ENABLE_STRICT_OBJC_MSGSEND = YES;
				ENABLE_TESTABILITY = YES;
				GCC_C_LANGUAGE_STANDARD = gnu11;
				GCC_DYNAMIC_NO_PIC = NO;
				GCC_NO_COMMON_BLOCKS = YES;
				GCC_OPTIMIZATION_LEVEL = 0;
				GCC_PREPROCESSOR_DEFINITIONS = (
					"DEBUG=1",
					"$(inherited)",
				);
				GCC_WARN_64_TO_32_BIT_CONVERSION = YES;
				GCC_WARN_ABOUT_RETURN_TYPE = YES_ERROR;
				GCC_WARN_UNDECLARED_SELECTOR = YES;
				GCC_WARN_UNINITIALIZED_AUTOS = YES_AGGRESSIVE;
				GCC_WARN_UNUSED_FUNCTION = YES;
				GCC_WARN_UNUSED_VARIABLE = YES;
				IPHONEOS_DEPLOYMENT_TARGET = 11.2;
				MTL_ENABLE_DEBUG_INFO = YES;
				ONLY_ACTIVE_ARCH = YES;
				SDKROOT = iphoneos;
				SWIFT_ACTIVE_COMPILATION_CONDITIONS = DEBUG;
				SWIFT_OPTIMIZATION_LEVEL = "-Onone";
			};
			name = Debug;
		};
		B921476A204ABD2B0004C9F9 /* Release */ = {
			isa = XCBuildConfiguration;
			buildSettings = {
				ALWAYS_SEARCH_USER_PATHS = NO;
				CLANG_ANALYZER_NONNULL = YES;
				CLANG_ANALYZER_NUMBER_OBJECT_CONVERSION = YES_AGGRESSIVE;
				CLANG_CXX_LANGUAGE_STANDARD = "gnu++14";
				CLANG_CXX_LIBRARY = "libc++";
				CLANG_ENABLE_MODULES = YES;
				CLANG_ENABLE_OBJC_ARC = YES;
				CLANG_WARN_BLOCK_CAPTURE_AUTORELEASING = YES;
				CLANG_WARN_BOOL_CONVERSION = YES;
				CLANG_WARN_COMMA = YES;
				CLANG_WARN_CONSTANT_CONVERSION = YES;
				CLANG_WARN_DIRECT_OBJC_ISA_USAGE = YES_ERROR;
				CLANG_WARN_DOCUMENTATION_COMMENTS = YES;
				CLANG_WARN_EMPTY_BODY = YES;
				CLANG_WARN_ENUM_CONVERSION = YES;
				CLANG_WARN_INFINITE_RECURSION = YES;
				CLANG_WARN_INT_CONVERSION = YES;
				CLANG_WARN_NON_LITERAL_NULL_CONVERSION = YES;
				CLANG_WARN_OBJC_LITERAL_CONVERSION = YES;
				CLANG_WARN_OBJC_ROOT_CLASS = YES_ERROR;
				CLANG_WARN_RANGE_LOOP_ANALYSIS = YES;
				CLANG_WARN_STRICT_PROTOTYPES = YES;
				CLANG_WARN_SUSPICIOUS_MOVE = YES;
				CLANG_WARN_UNGUARDED_AVAILABILITY = YES_AGGRESSIVE;
				CLANG_WARN_UNREACHABLE_CODE = YES;
				CLANG_WARN__DUPLICATE_METHOD_MATCH = YES;
				CODE_SIGN_IDENTITY = "iPhone Developer";
				COPY_PHASE_STRIP = NO;
				DEBUG_INFORMATION_FORMAT = "dwarf-with-dsym";
				ENABLE_NS_ASSERTIONS = NO;
				ENABLE_STRICT_OBJC_MSGSEND = YES;
				GCC_C_LANGUAGE_STANDARD = gnu11;
				GCC_NO_COMMON_BLOCKS = YES;
				GCC_WARN_64_TO_32_BIT_CONVERSION = YES;
				GCC_WARN_ABOUT_RETURN_TYPE = YES_ERROR;
				GCC_WARN_UNDECLARED_SELECTOR = YES;
				GCC_WARN_UNINITIALIZED_AUTOS = YES_AGGRESSIVE;
				GCC_WARN_UNUSED_FUNCTION = YES;
				GCC_WARN_UNUSED_VARIABLE = YES;
				IPHONEOS_DEPLOYMENT_TARGET = 11.2;
				MTL_ENABLE_DEBUG_INFO = NO;
				SDKROOT = iphoneos;
				SWIFT_OPTIMIZATION_LEVEL = "-Owholemodule";
				VALIDATE_PRODUCT = YES;
			};
			name = Release;
		};
		B921476C204ABD2B0004C9F9 /* Debug */ = {
			isa = XCBuildConfiguration;
			buildSettings = {
				ASSETCATALOG_COMPILER_APPICON_NAME = AppIcon;
				CODE_SIGN_STYLE = Automatic;
				DEVELOPMENT_TEAM = V8A9QAD896;
				INFOPLIST_FILE = GetLocation/Info.plist;
				LD_RUNPATH_SEARCH_PATHS = "$(inherited) @executable_path/Frameworks";
				PRODUCT_BUNDLE_IDENTIFIER = com.mathieujanneau.GetLocation;
				PRODUCT_NAME = "$(TARGET_NAME)";
				SWIFT_VERSION = 4.0;
				TARGETED_DEVICE_FAMILY = "1,2";
			};
			name = Debug;
		};
		B921476D204ABD2B0004C9F9 /* Release */ = {
			isa = XCBuildConfiguration;
			buildSettings = {
				ASSETCATALOG_COMPILER_APPICON_NAME = AppIcon;
				CODE_SIGN_STYLE = Automatic;
				DEVELOPMENT_TEAM = V8A9QAD896;
				INFOPLIST_FILE = GetLocation/Info.plist;
				LD_RUNPATH_SEARCH_PATHS = "$(inherited) @executable_path/Frameworks";
				PRODUCT_BUNDLE_IDENTIFIER = com.mathieujanneau.GetLocation;
				PRODUCT_NAME = "$(TARGET_NAME)";
				SWIFT_VERSION = 4.0;
				TARGETED_DEVICE_FAMILY = "1,2";
			};
			name = Release;
		};
		B921476F204ABD2B0004C9F9 /* Debug */ = {
			isa = XCBuildConfiguration;
			buildSettings = {
				ALWAYS_EMBED_SWIFT_STANDARD_LIBRARIES = YES;
				BUNDLE_LOADER = "$(TEST_HOST)";
				CODE_SIGN_STYLE = Automatic;
				DEVELOPMENT_TEAM = V8A9QAD896;
				INFOPLIST_FILE = GetLocationTests/Info.plist;
				LD_RUNPATH_SEARCH_PATHS = "$(inherited) @executable_path/Frameworks @loader_path/Frameworks";
				PRODUCT_BUNDLE_IDENTIFIER = com.mathieujanneau.GetLocationTests;
				PRODUCT_NAME = "$(TARGET_NAME)";
				SWIFT_VERSION = 4.0;
				TARGETED_DEVICE_FAMILY = "1,2";
				TEST_HOST = "$(BUILT_PRODUCTS_DIR)/GetLocation.app/GetLocation";
			};
			name = Debug;
		};
		B9214770204ABD2B0004C9F9 /* Release */ = {
			isa = XCBuildConfiguration;
			buildSettings = {
				ALWAYS_EMBED_SWIFT_STANDARD_LIBRARIES = YES;
				BUNDLE_LOADER = "$(TEST_HOST)";
				CODE_SIGN_STYLE = Automatic;
				DEVELOPMENT_TEAM = V8A9QAD896;
				INFOPLIST_FILE = GetLocationTests/Info.plist;
				LD_RUNPATH_SEARCH_PATHS = "$(inherited) @executable_path/Frameworks @loader_path/Frameworks";
				PRODUCT_BUNDLE_IDENTIFIER = com.mathieujanneau.GetLocationTests;
				PRODUCT_NAME = "$(TARGET_NAME)";
				SWIFT_VERSION = 4.0;
				TARGETED_DEVICE_FAMILY = "1,2";
				TEST_HOST = "$(BUILT_PRODUCTS_DIR)/GetLocation.app/GetLocation";
			};
			name = Release;
		};
/* End XCBuildConfiguration section */

/* Begin XCConfigurationList section */
		B9214746204ABD2B0004C9F9 /* Build configuration list for PBXProject "GetLocation" */ = {
			isa = XCConfigurationList;
			buildConfigurations = (
				B9214769204ABD2B0004C9F9 /* Debug */,
				B921476A204ABD2B0004C9F9 /* Release */,
			);
			defaultConfigurationIsVisible = 0;
			defaultConfigurationName = Release;
		};
		B921476B204ABD2B0004C9F9 /* Build configuration list for PBXNativeTarget "GetLocation" */ = {
			isa = XCConfigurationList;
			buildConfigurations = (
				B921476C204ABD2B0004C9F9 /* Debug */,
				B921476D204ABD2B0004C9F9 /* Release */,
			);
			defaultConfigurationIsVisible = 0;
			defaultConfigurationName = Release;
		};
		B921476E204ABD2B0004C9F9 /* Build configuration list for PBXNativeTarget "GetLocationTests" */ = {
			isa = XCConfigurationList;
			buildConfigurations = (
				B921476F204ABD2B0004C9F9 /* Debug */,
				B9214770204ABD2B0004C9F9 /* Release */,
			);
			defaultConfigurationIsVisible = 0;
			defaultConfigurationName = Release;
		};
/* End XCConfigurationList section */

/* Begin XCVersionGroup section */
		B9214755204ABD2B0004C9F9 /* GetLocation.xcdatamodeld */ = {
			isa = XCVersionGroup;
			children = (
				B9214756204ABD2B0004C9F9 /* GetLocation.xcdatamodel */,
			);
			currentVersion = B9214756204ABD2B0004C9F9 /* GetLocation.xcdatamodel */;
			path = GetLocation.xcdatamodeld;
			sourceTree = "<group>";
			versionGroupType = wrapper.xcdatamodel;
		};
/* End XCVersionGroup section */
	};
	rootObject = B9214743204ABD2B0004C9F9 /* Project object */;
}
